{
  "nodes": {
    "mozilla-overlay": {
      "flake": false,
      "locked": {
        "lastModified": 1638887313,
        "narHash": "sha256-FMYV6rVtvSIfthgC1sK1xugh3y7muoQcvduMdriz4ag=",
        "owner": "mozilla",
        "repo": "nixpkgs-mozilla",
        "rev": "7c1e8b1dd6ed0043fb4ee0b12b815256b0b9de6f",
        "type": "github"
      },
      "original": {
        "owner": "mozilla",
        "repo": "nixpkgs-mozilla",
        "type": "github"
      }
    },
    "nixpkgs": {
      "locked": {
        "lastModified": 1638887115,
        "narHash": "sha256-emjtIeqyJ84Eb3X7APJruTrwcfnHQKs55XGljj62prs=",
        "owner": "NixOS",
        "repo": "nixpkgs",
        "rev": "1bd4bbd49bef217a3d1adea43498270d6e779d65",
        "type": "github"
      },
      "original": {
        "owner": "NixOS",
        "ref": "nixos-21.11",
        "repo": "nixpkgs",
        "type": "github"
      }
    },
    "root": {
      "inputs": {
        "mozilla-overlay": "mozilla-overlay",
        "src-migen": "src-migen",
        "src-misoc": "src-misoc",
        "src-nac3": "src-nac3",
        "src-sipyco": "src-sipyco"
      }
    },
    "src-migen": {
      "flake": false,
      "locked": {
        "lastModified": 1639659493,
        "narHash": "sha256-qpVj/yJf4hDDc99XXpVPH4EbLC8aCmEtACn5qNc3DGI=",
        "owner": "m-labs",
        "repo": "migen",
        "rev": "ac703010eaa06ac9b6e32f97c6fa98b15de22b31",
        "type": "github"
      },
      "original": {
        "owner": "m-labs",
        "repo": "migen",
        "type": "github"
      }
    },
    "src-misoc": {
      "flake": false,
      "locked": {
        "lastModified": 1638683371,
        "narHash": "sha256-sm2SxHmEGfE56+V+joDHMjpOaxg8+t3EJEk1d11C1E0=",
        "ref": "master",
        "rev": "71b74f87b41c56a6c6d767cdfde0356c15a379a7",
        "revCount": 2418,
        "submodules": true,
        "type": "git",
        "url": "https://github.com/m-labs/misoc.git"
      },
      "original": {
        "submodules": true,
        "type": "git",
        "url": "https://github.com/m-labs/misoc.git"
      }
    },
    "src-nac3": {
      "inputs": {
        "nixpkgs": "nixpkgs"
      },
      "locked": {
        "lastModified": 1639993482,
        "narHash": "sha256-0mukHrr9o9EkQasf5MI7doLbYNS0o+2uo4V9wuSx5wc=",
        "ref": "master",
        "rev": "e2b44a066be5244ca044f643b57697aa962710dd",
        "revCount": 508,
        "type": "git",
        "url": "https://git.m-labs.hk/M-Labs/nac3.git"
      },
      "original": {
        "type": "git",
        "url": "https://git.m-labs.hk/M-Labs/nac3.git"
      }
    },
    "src-sipyco": {
      "flake": false,
      "locked": {
        "lastModified": 1639887898,
        "narHash": "sha256-slXtLgkTK9HLifwkSWRgQlxSzSXr2kRDPAZpp6CaqKc=",
        "owner": "m-labs",
        "repo": "sipyco",
        "rev": "854bba70ee06407cede7048d739152690d753d55",
        "type": "github"
      },
      "original": {
        "owner": "m-labs",
        "repo": "sipyco",
        "type": "github"
      }
    }
  },
  "root": "root",
  "version": 7
}
