{
  "nodes": {
    "artiq-comtools": {
      "inputs": {
        "flake-utils": "flake-utils",
        "nixpkgs": [
          "nac3",
          "nixpkgs"
        ],
        "sipyco": [
          "sipyco"
        ]
      },
      "locked": {
        "lastModified": 1693473687,
        "narHash": "sha256-BdLddCWbvoEyakcGwhph9b5dIU1iA0hCQV7KYgU8nos=",
        "owner": "m-labs",
        "repo": "artiq-comtools",
        "rev": "f522ef3dbc65961f17b2d3d41e927409d970fd79",
        "type": "github"
      },
      "original": {
        "owner": "m-labs",
        "repo": "artiq-comtools",
        "type": "github"
      }
    },
    "flake-utils": {
      "inputs": {
        "systems": "systems"
      },
      "locked": {
        "lastModified": 1692799911,
        "narHash": "sha256-3eihraek4qL744EvQXsK1Ha6C3CR7nnT8X2qWap4RNk=",
        "owner": "numtide",
        "repo": "flake-utils",
        "rev": "f9e7cf818399d17d347f847525c5a5a8032e4e44",
        "type": "github"
      },
      "original": {
        "owner": "numtide",
        "repo": "flake-utils",
        "type": "github"
      }
    },
    "mozilla-overlay": {
      "flake": false,
      "locked": {
        "lastModified": 1695805681,
        "narHash": "sha256-1ElPLD8eFfnuIk0G52HGGpRtQZ4QPCjChRlEOfkZ5ro=",
        "owner": "mozilla",
        "repo": "nixpkgs-mozilla",
        "rev": "6eabade97bc28d707a8b9d82ad13ef143836736e",
        "type": "github"
      },
      "original": {
        "owner": "mozilla",
        "repo": "nixpkgs-mozilla",
        "type": "github"
      }
    },
    "nac3": {
      "inputs": {
        "nixpkgs": "nixpkgs"
      },
      "locked": {
        "lastModified": 1701570665,
        "narHash": "sha256-KZB5Keuzs2nM7cpzx/tTjK5GsVzP5E3AahxWR4vxX64=",
        "ref": "refs/heads/master",
        "rev": "bfa9ceaae3640dbe344cbf56fccd86530892bc69",
        "revCount": 940,
        "type": "git",
        "url": "https://git.m-labs.hk/m-labs/nac3.git"
      },
      "original": {
        "type": "git",
        "url": "https://git.m-labs.hk/m-labs/nac3.git"
      }
    },
    "nixpkgs": {
      "locked": {
        "lastModified": 1701389149,
        "narHash": "sha256-rU1suTIEd5DGCaAXKW6yHoCfR1mnYjOXQFOaH7M23js=",
        "owner": "NixOS",
        "repo": "nixpkgs",
        "rev": "5de0b32be6e85dc1a9404c75131316e4ffbc634c",
        "type": "github"
      },
      "original": {
        "owner": "NixOS",
        "ref": "nixos-23.11",
        "repo": "nixpkgs",
        "type": "github"
      }
    },
    "root": {
      "inputs": {
        "artiq-comtools": "artiq-comtools",
        "mozilla-overlay": "mozilla-overlay",
        "nac3": "nac3",
        "sipyco": "sipyco",
        "src-migen": "src-migen",
        "src-misoc": "src-misoc"
      }
    },
    "sipyco": {
      "inputs": {
        "nixpkgs": [
          "nac3",
          "nixpkgs"
        ]
      },
      "locked": {
        "lastModified": 1697528004,
        "narHash": "sha256-FFa2MbhAJEjwY58uOs0swvgymfjubHyWba6Q0X6CbB0=",
        "owner": "m-labs",
        "repo": "sipyco",
        "rev": "c0a7ed350ccfb85474217057fc47b3f258ca8d99",
        "type": "github"
      },
      "original": {
        "owner": "m-labs",
        "repo": "sipyco",
        "type": "github"
      }
    },
    "src-migen": {
      "flake": false,
      "locked": {
        "lastModified": 1699335478,
        "narHash": "sha256-BsubN4Mfdj02QPK6ZCrl+YOaSg7DaLQdSCVP49ztWik=",
        "owner": "m-labs",
        "repo": "migen",
        "rev": "fd0bf5855a1367eab14b0d6f7f8266178e25d78e",
        "type": "github"
      },
      "original": {
        "owner": "m-labs",
        "repo": "migen",
        "type": "github"
      }
    },
    "src-misoc": {
      "flake": false,
      "locked": {
        "lastModified": 1699352904,
        "narHash": "sha256-SglyTmXOPv8jJOjwAjJrj/WhAkItQfUbvKfUqrynwRg=",
        "ref": "refs/heads/master",
        "rev": "a53859f2167c31ab5225b6c09f30cf05527b94f4",
        "revCount": 2452,
        "submodules": true,
        "type": "git",
        "url": "https://github.com/m-labs/misoc.git"
      },
      "original": {
        "submodules": true,
        "type": "git",
        "url": "https://github.com/m-labs/misoc.git"
      }
    },
    "systems": {
      "locked": {
        "lastModified": 1681028828,
        "narHash": "sha256-Vy1rq5AaRuLzOxct8nz4T6wlgyUR7zLU309k9mBC768=",
        "owner": "nix-systems",
        "repo": "default",
        "rev": "da67096a3b9bf56a91d16901293e51ba5b49a27e",
        "type": "github"
      },
      "original": {
        "owner": "nix-systems",
        "repo": "default",
        "type": "github"
      }
    }
  },
  "root": "root",
  "version": 7
}
