[[package]]
name = "alloc_list"
version = "0.0.0"

[[package]]
name = "alloc_stub"
version = "0.0.0"

[[package]]
name = "amp"
version = "0.0.0"
dependencies = [
 "board 0.0.0",
]

[[package]]
name = "backtrace_artiq"
version = "0.0.0"

[[package]]
name = "bitflags"
version = "1.0.1"
source = "registry+https://github.com/rust-lang/crates.io-index"

[[package]]
name = "board"
version = "0.0.0"
dependencies = [
 "build_misoc 0.0.0",
 "byteorder 1.2.2 (registry+https://github.com/rust-lang/crates.io-index)",
 "cc 1.0.9 (registry+https://github.com/rust-lang/crates.io-index)",
 "compiler_builtins 0.1.0 (git+https://github.com/m-labs/compiler-builtins?rev=ca06a5e)",
 "smoltcp 0.4.0 (git+https://github.com/m-labs/smoltcp?rev=181083f)",
]

[[package]]
name = "board_artiq"
version = "0.0.0"
dependencies = [
 "bitflags 1.0.1 (registry+https://github.com/rust-lang/crates.io-index)",
 "board 0.0.0",
 "build_artiq 0.0.0",
 "build_misoc 0.0.0",
 "byteorder 1.2.2 (registry+https://github.com/rust-lang/crates.io-index)",
 "log 0.4.1 (registry+https://github.com/rust-lang/crates.io-index)",
]

[[package]]
name = "bootloader"
version = "0.0.0"
dependencies = [
 "board 0.0.0",
 "build_misoc 0.0.0",
 "byteorder 1.2.2 (registry+https://github.com/rust-lang/crates.io-index)",
 "crc 1.7.0 (registry+https://github.com/rust-lang/crates.io-index)",
 "smoltcp 0.4.0 (git+https://github.com/m-labs/smoltcp?rev=181083f)",
]

[[package]]
name = "build_artiq"
version = "0.0.0"
dependencies = [
 "walkdir 1.0.7 (registry+https://github.com/rust-lang/crates.io-index)",
]

[[package]]
name = "build_const"
version = "0.2.0"
source = "registry+https://github.com/rust-lang/crates.io-index"

[[package]]
name = "build_misoc"
version = "0.0.0"

[[package]]
name = "byteorder"
version = "1.2.2"
source = "registry+https://github.com/rust-lang/crates.io-index"

[[package]]
name = "cc"
version = "1.0.9"
source = "registry+https://github.com/rust-lang/crates.io-index"

[[package]]
name = "cfg-if"
version = "0.1.2"
source = "registry+https://github.com/rust-lang/crates.io-index"

[[package]]
name = "compiler_builtins"
version = "0.1.0"
source = "git+https://github.com/m-labs/compiler-builtins?rev=ca06a5e#ca06a5e3d5ff9a17210f22401fdf6325f632c59e"

[[package]]
name = "crc"
version = "1.7.0"
source = "registry+https://github.com/rust-lang/crates.io-index"
dependencies = [
 "build_const 0.2.0 (registry+https://github.com/rust-lang/crates.io-index)",
]

[[package]]
name = "cslice"
version = "0.3.0"
source = "registry+https://github.com/rust-lang/crates.io-index"

[[package]]
name = "drtioaux"
version = "0.0.0"
dependencies = [
 "board 0.0.0",
 "build_misoc 0.0.0",
 "byteorder 1.2.2 (registry+https://github.com/rust-lang/crates.io-index)",
 "crc 1.7.0 (registry+https://github.com/rust-lang/crates.io-index)",
 "log 0.4.1 (registry+https://github.com/rust-lang/crates.io-index)",
 "std_artiq 0.0.0",
]

[[package]]
name = "dyld"
version = "0.0.0"

[[package]]
name = "fringe"
version = "1.1.0"
source = "git+https://github.com/m-labs/libfringe?rev=bd23494#bd2349467157969324ca7da5d2ae033c7ffac0c0"
dependencies = [
 "libc 0.2.40 (registry+https://github.com/rust-lang/crates.io-index)",
]

[[package]]
name = "kernel32-sys"
version = "0.2.2"
source = "registry+https://github.com/rust-lang/crates.io-index"
dependencies = [
 "winapi 0.2.8 (registry+https://github.com/rust-lang/crates.io-index)",
 "winapi-build 0.1.1 (registry+https://github.com/rust-lang/crates.io-index)",
]

[[package]]
name = "ksupport"
version = "0.0.0"
dependencies = [
 "alloc_stub 0.0.0",
 "amp 0.0.0",
 "board 0.0.0",
 "build_misoc 0.0.0",
 "byteorder 1.2.2 (registry+https://github.com/rust-lang/crates.io-index)",
 "cslice 0.3.0 (registry+https://github.com/rust-lang/crates.io-index)",
 "dyld 0.0.0",
 "proto 0.0.0",
 "std_artiq 0.0.0",
]

[[package]]
name = "libc"
version = "0.2.40"
source = "registry+https://github.com/rust-lang/crates.io-index"

[[package]]
name = "log"
version = "0.3.9"
source = "registry+https://github.com/rust-lang/crates.io-index"
dependencies = [
 "log 0.4.1 (registry+https://github.com/rust-lang/crates.io-index)",
]

[[package]]
name = "log"
version = "0.4.1"
source = "registry+https://github.com/rust-lang/crates.io-index"
dependencies = [
 "cfg-if 0.1.2 (registry+https://github.com/rust-lang/crates.io-index)",
]

[[package]]
name = "log_buffer"
version = "1.2.0"
source = "git+https://github.com/whitequark/rust-log_buffer?rev=rust-1.25#ff84e565d9954d5864d60aec12b9e1381505d72a"

[[package]]
name = "logger_artiq"
version = "0.0.0"
dependencies = [
 "board 0.0.0",
 "log 0.4.1 (registry+https://github.com/rust-lang/crates.io-index)",
 "log_buffer 1.2.0 (git+https://github.com/whitequark/rust-log_buffer?rev=rust-1.25)",
]

[[package]]
name = "managed"
version = "0.5.1"
source = "registry+https://github.com/rust-lang/crates.io-index"

[[package]]
name = "managed"
version = "0.6.1"
source = "registry+https://github.com/rust-lang/crates.io-index"

[[package]]
name = "proto"
version = "0.0.0"
dependencies = [
 "byteorder 1.2.2 (registry+https://github.com/rust-lang/crates.io-index)",
 "cslice 0.3.0 (registry+https://github.com/rust-lang/crates.io-index)",
 "dyld 0.0.0",
 "log 0.4.1 (registry+https://github.com/rust-lang/crates.io-index)",
 "std_artiq 0.0.0",
]

[[package]]
name = "runtime"
version = "0.0.0"
dependencies = [
 "alloc_list 0.0.0",
 "amp 0.0.0",
 "backtrace_artiq 0.0.0",
 "board 0.0.0",
 "board_artiq 0.0.0",
 "build_artiq 0.0.0",
 "build_misoc 0.0.0",
 "byteorder 1.2.2 (registry+https://github.com/rust-lang/crates.io-index)",
 "cslice 0.3.0 (registry+https://github.com/rust-lang/crates.io-index)",
 "drtioaux 0.0.0",
 "fringe 1.1.0 (git+https://github.com/m-labs/libfringe?rev=bd23494)",
 "log 0.4.1 (registry+https://github.com/rust-lang/crates.io-index)",
 "logger_artiq 0.0.0",
 "managed 0.6.1 (registry+https://github.com/rust-lang/crates.io-index)",
 "proto 0.0.0",
 "smoltcp 0.4.0 (git+https://github.com/m-labs/smoltcp?rev=181083f)",
 "std_artiq 0.0.0",
]

[[package]]
name = "same-file"
version = "0.1.3"
source = "registry+https://github.com/rust-lang/crates.io-index"
dependencies = [
 "kernel32-sys 0.2.2 (registry+https://github.com/rust-lang/crates.io-index)",
 "winapi 0.2.8 (registry+https://github.com/rust-lang/crates.io-index)",
]

[[package]]
name = "satman"
version = "0.0.0"
dependencies = [
 "alloc_list 0.0.0",
 "board 0.0.0",
 "board_artiq 0.0.0",
 "build_artiq 0.0.0",
 "build_misoc 0.0.0",
 "drtioaux 0.0.0",
 "log 0.4.1 (registry+https://github.com/rust-lang/crates.io-index)",
 "logger_artiq 0.0.0",
 "std_artiq 0.0.0",
]

[[package]]
name = "smoltcp"
version = "0.4.0"
source = "git+https://github.com/m-labs/smoltcp?rev=181083f#181083f18c977b8a0463a67e360e4db20594fa21"
dependencies = [
 "byteorder 1.2.2 (registry+https://github.com/rust-lang/crates.io-index)",
 "log 0.3.9 (registry+https://github.com/rust-lang/crates.io-index)",
 "managed 0.5.1 (registry+https://github.com/rust-lang/crates.io-index)",
]

[[package]]
name = "std_artiq"
version = "0.0.0"

[[package]]
name = "walkdir"
version = "1.0.7"
source = "registry+https://github.com/rust-lang/crates.io-index"
dependencies = [
 "kernel32-sys 0.2.2 (registry+https://github.com/rust-lang/crates.io-index)",
 "same-file 0.1.3 (registry+https://github.com/rust-lang/crates.io-index)",
 "winapi 0.2.8 (registry+https://github.com/rust-lang/crates.io-index)",
]

[[package]]
name = "winapi"
version = "0.2.8"
source = "registry+https://github.com/rust-lang/crates.io-index"

[[package]]
name = "winapi-build"
version = "0.1.1"
source = "registry+https://github.com/rust-lang/crates.io-index"

[metadata]
"checksum bitflags 1.0.1 (registry+https://github.com/rust-lang/crates.io-index)" = "b3c30d3802dfb7281680d6285f2ccdaa8c2d8fee41f93805dba5c4cf50dc23cf"
"checksum build_const 0.2.0 (registry+https://github.com/rust-lang/crates.io-index)" = "e90dc84f5e62d2ebe7676b83c22d33b6db8bd27340fb6ffbff0a364efa0cb9c9"
"checksum byteorder 1.2.2 (registry+https://github.com/rust-lang/crates.io-index)" = "73b5bdfe7ee3ad0b99c9801d58807a9dbc9e09196365b0203853b99889ab3c87"
"checksum cc 1.0.9 (registry+https://github.com/rust-lang/crates.io-index)" = "2b4911e4bdcb4100c7680e7e854ff38e23f1b34d4d9e079efae3da2801341ffc"
"checksum cfg-if 0.1.2 (registry+https://github.com/rust-lang/crates.io-index)" = "d4c819a1287eb618df47cc647173c5c4c66ba19d888a6e50d605672aed3140de"
"checksum compiler_builtins 0.1.0 (git+https://github.com/m-labs/compiler-builtins?rev=ca06a5e)" = "<none>"
"checksum crc 1.7.0 (registry+https://github.com/rust-lang/crates.io-index)" = "bd5d02c0aac6bd68393ed69e00bbc2457f3e89075c6349db7189618dc4ddc1d7"
"checksum cslice 0.3.0 (registry+https://github.com/rust-lang/crates.io-index)" = "0f8cb7306107e4b10e64994de6d3274bd08996a7c1322a27b86482392f96be0a"
"checksum fringe 1.1.0 (git+https://github.com/m-labs/libfringe?rev=bd23494)" = "<none>"
"checksum kernel32-sys 0.2.2 (registry+https://github.com/rust-lang/crates.io-index)" = "7507624b29483431c0ba2d82aece8ca6cdba9382bff4ddd0f7490560c056098d"
"checksum libc 0.2.40 (registry+https://github.com/rust-lang/crates.io-index)" = "6fd41f331ac7c5b8ac259b8bf82c75c0fb2e469bbf37d2becbba9a6a2221965b"
"checksum log 0.3.9 (registry+https://github.com/rust-lang/crates.io-index)" = "e19e8d5c34a3e0e2223db8e060f9e8264aeeb5c5fc64a4ee9965c062211c024b"
"checksum log 0.4.1 (registry+https://github.com/rust-lang/crates.io-index)" = "89f010e843f2b1a31dbd316b3b8d443758bc634bed37aabade59c686d644e0a2"
"checksum log_buffer 1.2.0 (git+https://github.com/whitequark/rust-log_buffer?rev=rust-1.25)" = "<none>"
"checksum managed 0.5.1 (registry+https://github.com/rust-lang/crates.io-index)" = "43e2737ecabe4ae36a68061398bf27d2bfd0763f4c3c837a398478459494c4b7"
"checksum managed 0.6.1 (registry+https://github.com/rust-lang/crates.io-index)" = "5a31885241e61ba264d780d2e6686e7e59561c947b4581470364eb3e10102d86"
"checksum same-file 0.1.3 (registry+https://github.com/rust-lang/crates.io-index)" = "d931a44fdaa43b8637009e7632a02adc4f2b2e0733c08caa4cf00e8da4a117a7"
"checksum smoltcp 0.4.0 (git+https://github.com/m-labs/smoltcp?rev=181083f)" = "<none>"
"checksum walkdir 1.0.7 (registry+https://github.com/rust-lang/crates.io-index)" = "bb08f9e670fab86099470b97cd2b252d6527f0b3cc1401acdb595ffc9dd288ff"
"checksum winapi 0.2.8 (registry+https://github.com/rust-lang/crates.io-index)" = "167dc9d6949a9b857f3451275e911c3f44255842c1f7a76f33c55103a909087a"
"checksum winapi-build 0.1.1 (registry+https://github.com/rust-lang/crates.io-index)" = "2d315eee3b34aca4797b2da6b13ed88266e6d612562a0c46390af8299fc699bc"
