[root]
name = "ksupport"
version = "0.0.0"
dependencies = [
 "bsp 0.0.0",
 "byteorder 0.5.3 (registry+https://github.com/rust-lang/crates.io-index)",
 "std_artiq 0.0.0",
]

[[package]]
name = "alloc_artiq"
version = "0.0.0"

[[package]]
name = "bsp"
version = "0.0.0"

[[package]]
name = "byteorder"
version = "0.5.3"
source = "registry+https://github.com/rust-lang/crates.io-index"

[[package]]
name = "std_artiq"
version = "0.0.0"
dependencies = [
 "alloc_artiq 0.0.0",
]

[metadata]
"checksum byteorder 0.5.3 (registry+https://github.com/rust-lang/crates.io-index)" = "0fc10e8cc6b2580fda3f36eb6dc5316657f812a3df879a44a66fc9f0fdbc4855"
